
Microsoft Visual Studio Solution File, Format Version 12.00
# Visual Studio Version 16
VisualStudioVersion = 16.0.32228.343
MinimumVisualStudioVersion = 10.0.40219.1
Project("{FAE04EC0-301F-11D3-BF4B-00C04F79EFBC}") = "Silnia", "Silnia.csproj", "{B9D41A47-CB0E-470C-A487-FB1F37DB592F}"
EndProject
Global
	GlobalSection(SolutionConfigurationPlatforms) = preSolution
		Debug|Any CPU = Debug|Any CPU
		Release|Any CPU = Release|Any CPU
	EndGlobalSection
	GlobalSection(ProjectConfigurationPlatforms) = postSolution
		{B9D41A47-CB0E-470C-A487-FB1F37DB592F}.Debug|Any CPU.ActiveCfg = Debug|Any CPU
		{B9D41A47-CB0E-470C-A487-FB1F37DB592F}.Debug|Any CPU.Build.0 = Debug|Any CPU
		{B9D41A47-CB0E-470C-A487-FB1F37DB592F}.Release|Any CPU.ActiveCfg = Release|Any CPU
		{B9D41A47-CB0E-470C-A487-FB1F37DB592F}.Release|Any CPU.Build.0 = Release|Any CPU
	EndGlobalSection
	GlobalSection(SolutionProperties) = preSolution
		HideSolutionNode = FALSE
	EndGlobalSection
	GlobalSection(ExtensibilityGlobals) = postSolution
		SolutionGuid = {A47A02DE-6432-4015-BD69-AA82CFE4E5D1}
	EndGlobalSection
EndGlobal
